github.com/dadosjusbr/executor v0.0.1 h1:MXfveG7rlIKUDYNKhznpy/qkFnfUxE8aQ4qtvTk6724=
github.com/dadosjusbr/executor v0.0.1/go.mod h1:JxFj7HEfDeQ0ws2qSGS9rb5mMsC2czuEvkRArcp/Jl0=
github.com/dadosjusbr/executor v1.0.0 h1:WJXio3osm9a267kjvWTuHixRXoqteDm1YKn9Ccj0PRQ=
github.com/dadosjusbr/executor v1.0.0/go.mod h1:JxFj7HEfDeQ0ws2qSGS9rb5mMsC2czuEvkRArcp/Jl0=
